{
  "name": "tadm-test",
  "version": "1.0.0",
  "lockfileVersion": 1,
  "requires": true,
  "dependencies": {
    "tadm-test-lib": {
      "version": "1.0.0",
      "resolved": "https://registry.npmjs.org/tadm-test-lib/-/tadm-test-lib-1.0.0.tgz",
      "integrity": "sha512-RX+BYr8CIeg3GAsQKiy4QIjiDD8X0EdubW42MVUoijHziZA3QO81d2PkvPmxTp/IbGdo+zbEA6cBmrVfko4eTg=="
    }
  }
}
